
Microsoft Visual Studio Solution File, Format Version 12.00
# Visual Studio Version 17
VisualStudioVersion = 17.5.33424.131
MinimumVisualStudioVersion = 10.0.40219.1
Project("{FAE04EC0-301F-11D3-BF4B-00C04F79EFBC}") = "urlopy2", "urlopy2.csproj", "{59506704-868C-49C6-A41F-D0D3A3289863}"
EndProject
Global
	GlobalSection(SolutionConfigurationPlatforms) = preSolution
		Debug|Any CPU = Debug|Any CPU
		Release|Any CPU = Release|Any CPU
	EndGlobalSection
	GlobalSection(ProjectConfigurationPlatforms) = postSolution
		{59506704-868C-49C6-A41F-D0D3A3289863}.Debug|Any CPU.ActiveCfg = Debug|Any CPU
		{59506704-868C-49C6-A41F-D0D3A3289863}.Debug|Any CPU.Build.0 = Debug|Any CPU
		{59506704-868C-49C6-A41F-D0D3A3289863}.Release|Any CPU.ActiveCfg = Release|Any CPU
		{59506704-868C-49C6-A41F-D0D3A3289863}.Release|Any CPU.Build.0 = Release|Any CPU
	EndGlobalSection
	GlobalSection(SolutionProperties) = preSolution
		HideSolutionNode = FALSE
	EndGlobalSection
	GlobalSection(ExtensibilityGlobals) = postSolution
		SolutionGuid = {3400075C-BA79-4E33-B074-24C20A9A749C}
	EndGlobalSection
EndGlobal
